// !$*UTF8*$!
{
	archiveVersion = 1;
	classes = {
	};
	objectVersion = 50;
	objects = {

/* Begin PBXBuildFile section */
		09EF18DB243C79B500F1B0F9 /* AppDelegate.swift in Sources */ = {isa = PBXBuildFile; fileRef = 09EF18DA243C79B500F1B0F9 /* AppDelegate.swift */; };
		09EF18DD243C79B500F1B0F9 /* SceneDelegate.swift in Sources */ = {isa = PBXBuildFile; fileRef = 09EF18DC243C79B500F1B0F9 /* SceneDelegate.swift */; };
		09EF18DF243C79B500F1B0F9 /* ViewController.swift in Sources */ = {isa = PBXBuildFile; fileRef = 09EF18DE243C79B500F1B0F9 /* ViewController.swift */; };
		09EF18E2243C79B500F1B0F9 /* Main.storyboard in Resources */ = {isa = PBXBuildFile; fileRef = 09EF18E0243C79B500F1B0F9 /* Main.storyboard */; };
		09EF18E4243C79BD00F1B0F9 /* Assets.xcassets in Resources */ = {isa = PBXBuildFile; fileRef = 09EF18E3243C79BD00F1B0F9 /* Assets.xcassets */; };
		09EF18E7243C79BD00F1B0F9 /* LaunchScreen.storyboard in Resources */ = {isa = PBXBuildFile; fileRef = 09EF18E5243C79BD00F1B0F9 /* LaunchScreen.storyboard */; };
		09EF18F2243C79BD00F1B0F9 /* SwiftDemoTests.swift in Sources */ = {isa = PBXBuildFile; fileRef = 09EF18F1243C79BD00F1B0F9 /* SwiftDemoTests.swift */; };
		09EF18FD243C79BD00F1B0F9 /* SwiftDemoUITests.swift in Sources */ = {isa = PBXBuildFile; fileRef = 09EF18FC243C79BD00F1B0F9 /* SwiftDemoUITests.swift */; };
		16AEE3921971B884D9BA2022 /* Pods_SwiftDemo.framework in Frameworks */ = {isa = PBXBuildFile; fileRef = D110527FDEE686127005DB17 /* Pods_SwiftDemo.framework */; };
/* End PBXBuildFile section */

/* Begin PBXContainerItemProxy section */
		09EF18EE243C79BD00F1B0F9 /* PBXContainerItemProxy */ = {
			isa = PBXContainerItemProxy;
			containerPortal = 09EF18CF243C79B400F1B0F9 /* Project object */;
			proxyType = 1;
			remoteGlobalIDString = 09EF18D6243C79B500F1B0F9;
			remoteInfo = SwiftDemo;
		};
		09EF18F9243C79BD00F1B0F9 /* PBXContainerItemProxy */ = {
			isa = PBXContainerItemProxy;
			containerPortal = 09EF18CF243C79B400F1B0F9 /* Project object */;
			proxyType = 1;
			remoteGlobalIDString = 09EF18D6243C79B500F1B0F9;
			remoteInfo = SwiftDemo;
		};
/* End PBXContainerItemProxy section */

/* Begin PBXFileReference section */
		09EF18D7243C79B500F1B0F9 /* SwiftDemo.app */ = {isa = PBXFileReference; explicitFileType = wrapper.application; includeInIndex = 0; path = SwiftDemo.app; sourceTree = BUILT_PRODUCTS_DIR; };
		09EF18DA243C79B500F1B0F9 /* AppDelegate.swift */ = {isa = PBXFileReference; lastKnownFileType = sourcecode.swift; path = AppDelegate.swift; sourceTree = "<group>"; };
		09EF18DC243C79B500F1B0F9 /* SceneDelegate.swift */ = {isa = PBXFileReference; lastKnownFileType = sourcecode.swift; path = SceneDelegate.swift; sourceTree = "<group>"; };
		09EF18DE243C79B500F1B0F9 /* ViewController.swift */ = {isa = PBXFileReference; lastKnownFileType = sourcecode.swift; path = ViewController.swift; sourceTree = "<group>"; };
		09EF18E1243C79B500F1B0F9 /* Base */ = {isa = PBXFileReference; lastKnownFileType = file.storyboard; name = Base; path = Base.lproj/Main.storyboard; sourceTree = "<group>"; };
		09EF18E3243C79BD00F1B0F9 /* Assets.xcassets */ = {isa = PBXFileReference; lastKnownFileType = folder.assetcatalog; path = Assets.xcassets; sourceTree = "<group>"; };
		09EF18E6243C79BD00F1B0F9 /* Base */ = {isa = PBXFileReference; lastKnownFileType = file.storyboard; name = Base; path = Base.lproj/LaunchScreen.storyboard; sourceTree = "<group>"; };
		09EF18E8243C79BD00F1B0F9 /* Info.plist */ = {isa = PBXFileReference; lastKnownFileType = text.plist.xml; path = Info.plist; sourceTree = "<group>"; };
		09EF18ED243C79BD00F1B0F9 /* SwiftDemoTests.xctest */ = {isa = PBXFileReference; explicitFileType = wrapper.cfbundle; includeInIndex = 0; path = SwiftDemoTests.xctest; sourceTree = BUILT_PRODUCTS_DIR; };
		09EF18F1243C79BD00F1B0F9 /* SwiftDemoTests.swift */ = {isa = PBXFileReference; lastKnownFileType = sourcecode.swift; path = SwiftDemoTests.swift; sourceTree = "<group>"; };
		09EF18F3243C79BD00F1B0F9 /* Info.plist */ = {isa = PBXFileReference; lastKnownFileType = text.plist.xml; path = Info.plist; sourceTree = "<group>"; };
		09EF18F8243C79BD00F1B0F9 /* SwiftDemoUITests.xctest */ = {isa = PBXFileReference; explicitFileType = wrapper.cfbundle; includeInIndex = 0; path = SwiftDemoUITests.xctest; sourceTree = BUILT_PRODUCTS_DIR; };
		09EF18FC243C79BD00F1B0F9 /* SwiftDemoUITests.swift */ = {isa = PBXFileReference; lastKnownFileType = sourcecode.swift; path = SwiftDemoUITests.swift; sourceTree = "<group>"; };
		09EF18FE243C79BD00F1B0F9 /* Info.plist */ = {isa = PBXFileReference; lastKnownFileType = text.plist.xml; path = Info.plist; sourceTree = "<group>"; };
		B544DC3EE11CE4220736B8E0 /* Pods-SwiftDemo.release.xcconfig */ = {isa = PBXFileReference; includeInIndex = 1; lastKnownFileType = text.xcconfig; name = "Pods-SwiftDemo.release.xcconfig"; path = "Target Support Files/Pods-SwiftDemo/Pods-SwiftDemo.release.xcconfig"; sourceTree = "<group>"; };
		C84C2AF5D4215FB9BA7AB2CE /* Pods-SwiftDemo.debug.xcconfig */ = {isa = PBXFileReference; includeInIndex = 1; lastKnownFileType = text.xcconfig; name = "Pods-SwiftDemo.debug.xcconfig"; path = "Target Support Files/Pods-SwiftDemo/Pods-SwiftDemo.debug.xcconfig"; sourceTree = "<group>"; };
		D110527FDEE686127005DB17 /* Pods_SwiftDemo.framework */ = {isa = PBXFileReference; explicitFileType = wrapper.framework; includeInIndex = 0; path = Pods_SwiftDemo.framework; sourceTree = BUILT_PRODUCTS_DIR; };
/* End PBXFileReference section */

/* Begin PBXFrameworksBuildPhase section */
		09EF18D4243C79B500F1B0F9 /* Frameworks */ = {
			isa = PBXFrameworksBuildPhase;
			buildActionMask = 2147483647;
			files = (
				16AEE3921971B884D9BA2022 /* Pods_SwiftDemo.framework in Frameworks */,
			);
			runOnlyForDeploymentPostprocessing = 0;
		};
		09EF18EA243C79BD00F1B0F9 /* Frameworks */ = {
			isa = PBXFrameworksBuildPhase;
			buildActionMask = 2147483647;
			files = (
			);
			runOnlyForDeploymentPostprocessing = 0;
		};
		09EF18F5243C79BD00F1B0F9 /* Frameworks */ = {
			isa = PBXFrameworksBuildPhase;
			buildActionMask = 2147483647;
			files = (
			);
			runOnlyForDeploymentPostprocessing = 0;
		};
/* End PBXFrameworksBuildPhase section */

/* Begin PBXGroup section */
		09EF18CE243C79B400F1B0F9 = {
			isa = PBXGroup;
			children = (
				09EF18D9243C79B500F1B0F9 /* SwiftDemo */,
				09EF18F0243C79BD00F1B0F9 /* SwiftDemoTests */,
				09EF18FB243C79BD00F1B0F9 /* SwiftDemoUITests */,
				09EF18D8243C79B500F1B0F9 /* Products */,
				C7877A993A20954DD59688D3 /* Pods */,
				9F0F404E5E1EC9D733C2ACDF /* Frameworks */,
			);
			sourceTree = "<group>";
		};
		09EF18D8243C79B500F1B0F9 /* Products */ = {
			isa = PBXGroup;
			children = (
				09EF18D7243C79B500F1B0F9 /* SwiftDemo.app */,
				09EF18ED243C79BD00F1B0F9 /* SwiftDemoTests.xctest */,
				09EF18F8243C79BD00F1B0F9 /* SwiftDemoUITests.xctest */,
			);
			name = Products;
			sourceTree = "<group>";
		};
		09EF18D9243C79B500F1B0F9 /* SwiftDemo */ = {
			isa = PBXGroup;
			children = (
				09EF18DA243C79B500F1B0F9 /* AppDelegate.swift */,
				09EF18DC243C79B500F1B0F9 /* SceneDelegate.swift */,
				09EF18DE243C79B500F1B0F9 /* ViewController.swift */,
				09EF18E0243C79B500F1B0F9 /* Main.storyboard */,
				09EF18E3243C79BD00F1B0F9 /* Assets.xcassets */,
				09EF18E5243C79BD00F1B0F9 /* LaunchScreen.storyboard */,
				09EF18E8243C79BD00F1B0F9 /* Info.plist */,
			);
			path = SwiftDemo;
			sourceTree = "<group>";
		};
		09EF18F0243C79BD00F1B0F9 /* SwiftDemoTests */ = {
			isa = PBXGroup;
			children = (
				09EF18F1243C79BD00F1B0F9 /* SwiftDemoTests.swift */,
				09EF18F3243C79BD00F1B0F9 /* Info.plist */,
			);
			path = SwiftDemoTests;
			sourceTree = "<group>";
		};
		09EF18FB243C79BD00F1B0F9 /* SwiftDemoUITests */ = {
			isa = PBXGroup;
			children = (
				09EF18FC243C79BD00F1B0F9 /* SwiftDemoUITests.swift */,
				09EF18FE243C79BD00F1B0F9 /* Info.plist */,
			);
			path = SwiftDemoUITests;
			sourceTree = "<group>";
		};
		9F0F404E5E1EC9D733C2ACDF /* Frameworks */ = {
			isa = PBXGroup;
			children = (
				D110527FDEE686127005DB17 /* Pods_SwiftDemo.framework */,
			);
			name = Frameworks;
			sourceTree = "<group>";
		};
		C7877A993A20954DD59688D3 /* Pods */ = {
			isa = PBXGroup;
			children = (
				C84C2AF5D4215FB9BA7AB2CE /* Pods-SwiftDemo.debug.xcconfig */,
				B544DC3EE11CE4220736B8E0 /* Pods-SwiftDemo.release.xcconfig */,
			);
			name = Pods;
			path = Pods;
			sourceTree = "<group>";
		};
/* End PBXGroup section */

/* Begin PBXNativeTarget section */
		09EF18D6243C79B500F1B0F9 /* SwiftDemo */ = {
			isa = PBXNativeTarget;
			buildConfigurationList = 09EF1901243C79BD00F1B0F9 /* Build configuration list for PBXNativeTarget "SwiftDemo" */;
			buildPhases = (
				36EDD50EFC8F177CB8B8CF9E /* [CP] Check Pods Manifest.lock */,
				09EF18D3243C79B500F1B0F9 /* Sources */,
				09EF18D4243C79B500F1B0F9 /* Frameworks */,
				09EF18D5243C79B500F1B0F9 /* Resources */,
				F844DECC649904EDCDC7DB2B /* [CP] Embed Pods Frameworks */,
			);
			buildRules = (
			);
			dependencies = (
			);
			name = SwiftDemo;
			productName = SwiftDemo;
			productReference = 09EF18D7243C79B500F1B0F9 /* SwiftDemo.app */;
			productType = "com.apple.product-type.application";
		};
		09EF18EC243C79BD00F1B0F9 /* SwiftDemoTests */ = {
			isa = PBXNativeTarget;
			buildConfigurationList = 09EF1904243C79BD00F1B0F9 /* Build configuration list for PBXNativeTarget "SwiftDemoTests" */;
			buildPhases = (
				09EF18E9243C79BD00F1B0F9 /* Sources */,
				09EF18EA243C79BD00F1B0F9 /* Frameworks */,
				09EF18EB243C79BD00F1B0F9 /* Resources */,
			);
			buildRules = (
			);
			dependencies = (
				09EF18EF243C79BD00F1B0F9 /* PBXTargetDependency */,
			);
			name = SwiftDemoTests;
			productName = SwiftDemoTests;
			productReference = 09EF18ED243C79BD00F1B0F9 /* SwiftDemoTests.xctest */;
			productType = "com.apple.product-type.bundle.unit-test";
		};
		09EF18F7243C79BD00F1B0F9 /* SwiftDemoUITests */ = {
			isa = PBXNativeTarget;
			buildConfigurationList = 09EF1907243C79BD00F1B0F9 /* Build configuration list for PBXNativeTarget "SwiftDemoUITests" */;
			buildPhases = (
				09EF18F4243C79BD00F1B0F9 /* Sources */,
				09EF18F5243C79BD00F1B0F9 /* Frameworks */,
				09EF18F6243C79BD00F1B0F9 /* Resources */,
			);
			buildRules = (
			);
			dependencies = (
				09EF18FA243C79BD00F1B0F9 /* PBXTargetDependency */,
			);
			name = SwiftDemoUITests;
			productName = SwiftDemoUITests;
			productReference = 09EF18F8243C79BD00F1B0F9 /* SwiftDemoUITests.xctest */;
			productType = "com.apple.product-type.bundle.ui-testing";
		};
/* End PBXNativeTarget section */

/* Begin PBXProject section */
		09EF18CF243C79B400F1B0F9 /* Project object */ = {
			isa = PBXProject;
			attributes = {
				LastSwiftUpdateCheck = 1140;
				LastUpgradeCheck = 1140;
				ORGANIZATIONNAME = " iBrother 李彦兵";
				TargetAttributes = {
					09EF18D6243C79B500F1B0F9 = {
						CreatedOnToolsVersion = 11.4;
					};
					09EF18EC243C79BD00F1B0F9 = {
						CreatedOnToolsVersion = 11.4;
						TestTargetID = 09EF18D6243C79B500F1B0F9;
					};
					09EF18F7243C79BD00F1B0F9 = {
						CreatedOnToolsVersion = 11.4;
						TestTargetID = 09EF18D6243C79B500F1B0F9;
					};
				};
			};
			buildConfigurationList = 09EF18D2243C79B400F1B0F9 /* Build configuration list for PBXProject "SwiftDemo" */;
			compatibilityVersion = "Xcode 9.3";
			developmentRegion = en;
			hasScannedForEncodings = 0;
			knownRegions = (
				en,
				Base,
			);
			mainGroup = 09EF18CE243C79B400F1B0F9;
			productRefGroup = 09EF18D8243C79B500F1B0F9 /* Products */;
			projectDirPath = "";
			projectRoot = "";
			targets = (
				09EF18D6243C79B500F1B0F9 /* SwiftDemo */,
				09EF18EC243C79BD00F1B0F9 /* SwiftDemoTests */,
				09EF18F7243C79BD00F1B0F9 /* SwiftDemoUITests */,
			);
		};
/* End PBXProject section */

/* Begin PBXResourcesBuildPhase section */
		09EF18D5243C79B500F1B0F9 /* Resources */ = {
			isa = PBXResourcesBuildPhase;
			buildActionMask = 2147483647;
			files = (
				09EF18E7243C79BD00F1B0F9 /* LaunchScreen.storyboard in Resources */,
				09EF18E4243C79BD00F1B0F9 /* Assets.xcassets in Resources */,
				09EF18E2243C79B500F1B0F9 /* Main.storyboard in Resources */,
			);
			runOnlyForDeploymentPostprocessing = 0;
		};
		09EF18EB243C79BD00F1B0F9 /* Resources */ = {
			isa = PBXResourcesBuildPhase;
			buildActionMask = 2147483647;
			files = (
			);
			runOnlyForDeploymentPostprocessing = 0;
		};
		09EF18F6243C79BD00F1B0F9 /* Resources */ = {
			isa = PBXResourcesBuildPhase;
			buildActionMask = 2147483647;
			files = (
			);
			runOnlyForDeploymentPostprocessing = 0;
		};
/* End PBXResourcesBuildPhase section */

/* Begin PBXShellScriptBuildPhase section */
		36EDD50EFC8F177CB8B8CF9E /* [CP] Check Pods Manifest.lock */ = {
			isa = PBXShellScriptBuildPhase;
			buildActionMask = 2147483647;
			files = (
			);
			inputFileListPaths = (
			);
			inputPaths = (
				"${PODS_PODFILE_DIR_PATH}/Podfile.lock",
				"${PODS_ROOT}/Manifest.lock",
			);
			name = "[CP] Check Pods Manifest.lock";
			outputFileListPaths = (
			);
			outputPaths = (
				"$(DERIVED_FILE_DIR)/Pods-SwiftDemo-checkManifestLockResult.txt",
			);
			runOnlyForDeploymentPostprocessing = 0;
			shellPath = /bin/sh;
			shellScript = "diff \"${PODS_PODFILE_DIR_PATH}/Podfile.lock\" \"${PODS_ROOT}/Manifest.lock\" > /dev/null\nif [ $? != 0 ] ; then\n    # print error to STDERR\n    echo \"error: The sandbox is not in sync with the Podfile.lock. Run 'pod install' or update your CocoaPods installation.\" >&2\n    exit 1\nfi\n# This output is used by Xcode 'outputs' to avoid re-running this script phase.\necho \"SUCCESS\" > \"${SCRIPT_OUTPUT_FILE_0}\"\n";
			showEnvVarsInLog = 0;
		};
		F844DECC649904EDCDC7DB2B /* [CP] Embed Pods Frameworks */ = {
			isa = PBXShellScriptBuildPhase;
			buildActionMask = 2147483647;
			files = (
			);
			inputFileListPaths = (
				"${PODS_ROOT}/Target Support Files/Pods-SwiftDemo/Pods-SwiftDemo-frameworks-${CONFIGURATION}-input-files.xcfilelist",
			);
			name = "[CP] Embed Pods Frameworks";
			outputFileListPaths = (
				"${PODS_ROOT}/Target Support Files/Pods-SwiftDemo/Pods-SwiftDemo-frameworks-${CONFIGURATION}-output-files.xcfilelist",
			);
			runOnlyForDeploymentPostprocessing = 0;
			shellPath = /bin/sh;
			shellScript = "\"${PODS_ROOT}/Target Support Files/Pods-SwiftDemo/Pods-SwiftDemo-frameworks.sh\"\n";
			showEnvVarsInLog = 0;
		};
/* End PBXShellScriptBuildPhase section */

/* Begin PBXSourcesBuildPhase section */
		09EF18D3243C79B500F1B0F9 /* Sources */ = {
			isa = PBXSourcesBuildPhase;
			buildActionMask = 2147483647;
			files = (
				09EF18DF243C79B500F1B0F9 /* ViewController.swift in Sources */,
				09EF18DB243C79B500F1B0F9 /* AppDelegate.swift in Sources */,
				09EF18DD243C79B500F1B0F9 /* SceneDelegate.swift in Sources */,
			);
			runOnlyForDeploymentPostprocessing = 0;
		};
		09EF18E9243C79BD00F1B0F9 /* Sources */ = {
			isa = PBXSourcesBuildPhase;
			buildActionMask = 2147483647;
			files = (
				09EF18F2243C79BD00F1B0F9 /* SwiftDemoTests.swift in Sources */,
			);
			runOnlyForDeploymentPostprocessing = 0;
		};
		09EF18F4243C79BD00F1B0F9 /* Sources */ = {
			isa = PBXSourcesBuildPhase;
			buildActionMask = 2147483647;
			files = (
				09EF18FD243C79BD00F1B0F9 /* SwiftDemoUITests.swift in Sources */,
			);
			runOnlyForDeploymentPostprocessing = 0;
		};
/* End PBXSourcesBuildPhase section */

/* Begin PBXTargetDependency section */
		09EF18EF243C79BD00F1B0F9 /* PBXTargetDependency */ = {
			isa = PBXTargetDependency;
			target = 09EF18D6243C79B500F1B0F9 /* SwiftDemo */;
			targetProxy = 09EF18EE243C79BD00F1B0F9 /* PBXContainerItemProxy */;
		};
		09EF18FA243C79BD00F1B0F9 /* PBXTargetDependency */ = {
			isa = PBXTargetDependency;
			target = 09EF18D6243C79B500F1B0F9 /* SwiftDemo */;
			targetProxy = 09EF18F9243C79BD00F1B0F9 /* PBXContainerItemProxy */;
		};
/* End PBXTargetDependency section */

/* Begin PBXVariantGroup section */
		09EF18E0243C79B500F1B0F9 /* Main.storyboard */ = {
			isa = PBXVariantGroup;
			children = (
				09EF18E1243C79B500F1B0F9 /* Base */,
			);
			name = Main.storyboard;
			sourceTree = "<group>";
		};
		09EF18E5243C79BD00F1B0F9 /* LaunchScreen.storyboard */ = {
			isa = PBXVariantGroup;
			children = (
				09EF18E6243C79BD00F1B0F9 /* Base */,
			);
			name = LaunchScreen.storyboard;
			sourceTree = "<group>";
		};
/* End PBXVariantGroup section */

/* Begin XCBuildConfiguration section */
		09EF18FF243C79BD00F1B0F9 /* Debug */ = {
			isa = XCBuildConfiguration;
			buildSettings = {
				ALWAYS_SEARCH_USER_PATHS = NO;
				CLANG_ANALYZER_NONNULL = YES;
				CLANG_ANALYZER_NUMBER_OBJECT_CONVERSION = YES_AGGRESSIVE;
				CLANG_CXX_LANGUAGE_STANDARD = "gnu++14";
				CLANG_CXX_LIBRARY = "libc++";
				CLANG_ENABLE_MODULES = YES;
				CLANG_ENABLE_OBJC_ARC = YES;
				CLANG_ENABLE_OBJC_WEAK = YES;
				CLANG_WARN_BLOCK_CAPTURE_AUTORELEASING = YES;
				CLANG_WARN_BOOL_CONVERSION = YES;
				CLANG_WARN_COMMA = YES;
				CLANG_WARN_CONSTANT_CONVERSION = YES;
				CLANG_WARN_DEPRECATED_OBJC_IMPLEMENTATIONS = YES;
				CLANG_WARN_DIRECT_OBJC_ISA_USAGE = YES_ERROR;
				CLANG_WARN_DOCUMENTATION_COMMENTS = YES;
				CLANG_WARN_EMPTY_BODY = YES;
				CLANG_WARN_ENUM_CONVERSION = YES;
				CLANG_WARN_INFINITE_RECURSION = YES;
				CLANG_WARN_INT_CONVERSION = YES;
				CLANG_WARN_NON_LITERAL_NULL_CONVERSION = YES;
				CLANG_WARN_OBJC_IMPLICIT_RETAIN_SELF = YES;
				CLANG_WARN_OBJC_LITERAL_CONVERSION = YES;
				CLANG_WARN_OBJC_ROOT_CLASS = YES_ERROR;
				CLANG_WARN_RANGE_LOOP_ANALYSIS = YES;
				CLANG_WARN_STRICT_PROTOTYPES = YES;
				CLANG_WARN_SUSPICIOUS_MOVE = YES;
				CLANG_WARN_UNGUARDED_AVAILABILITY = YES_AGGRESSIVE;
				CLANG_WARN_UNREACHABLE_CODE = YES;
				CLANG_WARN__DUPLICATE_METHOD_MATCH = YES;
				COPY_PHASE_STRIP = NO;
				DEBUG_INFORMATION_FORMAT = dwarf;
				ENABLE_STRICT_OBJC_MSGSEND = YES;
				ENABLE_TESTABILITY = YES;
				GCC_C_LANGUAGE_STANDARD = gnu11;
				GCC_DYNAMIC_NO_PIC = NO;
				GCC_NO_COMMON_BLOCKS = YES;
				GCC_OPTIMIZATION_LEVEL = 0;
				GCC_PREPROCESSOR_DEFINITIONS = (
					"DEBUG=1",
					"$(inherited)",
				);
				GCC_WARN_64_TO_32_BIT_CONVERSION = YES;
				GCC_WARN_ABOUT_RETURN_TYPE = YES_ERROR;
				GCC_WARN_UNDECLARED_SELECTOR = YES;
				GCC_WARN_UNINITIALIZED_AUTOS = YES_AGGRESSIVE;
				GCC_WARN_UNUSED_FUNCTION = YES;
				GCC_WARN_UNUSED_VARIABLE = YES;
				IPHONEOS_DEPLOYMENT_TARGET = 13.4;
				MTL_ENABLE_DEBUG_INFO = INCLUDE_SOURCE;
				MTL_FAST_MATH = YES;
				ONLY_ACTIVE_ARCH = YES;
				SDKROOT = iphoneos;
				SWIFT_ACTIVE_COMPILATION_CONDITIONS = DEBUG;
				SWIFT_OPTIMIZATION_LEVEL = "-Onone";
			};
			name = Debug;
		};
		09EF1900243C79BD00F1B0F9 /* Release */ = {
			isa = XCBuildConfiguration;
			buildSettings = {
				ALWAYS_SEARCH_USER_PATHS = NO;
				CLANG_ANALYZER_NONNULL = YES;
				CLANG_ANALYZER_NUMBER_OBJECT_CONVERSION = YES_AGGRESSIVE;
				CLANG_CXX_LANGUAGE_STANDARD = "gnu++14";
				CLANG_CXX_LIBRARY = "libc++";
				CLANG_ENABLE_MODULES = YES;
				CLANG_ENABLE_OBJC_ARC = YES;
				CLANG_ENABLE_OBJC_WEAK = YES;
				CLANG_WARN_BLOCK_CAPTURE_AUTORELEASING = YES;
				CLANG_WARN_BOOL_CONVERSION = YES;
				CLANG_WARN_COMMA = YES;
				CLANG_WARN_CONSTANT_CONVERSION = YES;
				CLANG_WARN_DEPRECATED_OBJC_IMPLEMENTATIONS = YES;
				CLANG_WARN_DIRECT_OBJC_ISA_USAGE = YES_ERROR;
				CLANG_WARN_DOCUMENTATION_COMMENTS = YES;
				CLANG_WARN_EMPTY_BODY = YES;
				CLANG_WARN_ENUM_CONVERSION = YES;
				CLANG_WARN_INFINITE_RECURSION = YES;
				CLANG_WARN_INT_CONVERSION = YES;
				CLANG_WARN_NON_LITERAL_NULL_CONVERSION = YES;
				CLANG_WARN_OBJC_IMPLICIT_RETAIN_SELF = YES;
				CLANG_WARN_OBJC_LITERAL_CONVERSION = YES;
				CLANG_WARN_OBJC_ROOT_CLASS = YES_ERROR;
				CLANG_WARN_RANGE_LOOP_ANALYSIS = YES;
				CLANG_WARN_STRICT_PROTOTYPES = YES;
				CLANG_WARN_SUSPICIOUS_MOVE = YES;
				CLANG_WARN_UNGUARDED_AVAILABILITY = YES_AGGRESSIVE;
				CLANG_WARN_UNREACHABLE_CODE = YES;
				CLANG_WARN__DUPLICATE_METHOD_MATCH = YES;
				COPY_PHASE_STRIP = NO;
				DEBUG_INFORMATION_FORMAT = "dwarf-with-dsym";
				ENABLE_NS_ASSERTIONS = NO;
				ENABLE_STRICT_OBJC_MSGSEND = YES;
				GCC_C_LANGUAGE_STANDARD = gnu11;
				GCC_NO_COMMON_BLOCKS = YES;
				GCC_WARN_64_TO_32_BIT_CONVERSION = YES;
				GCC_WARN_ABOUT_RETURN_TYPE = YES_ERROR;
				GCC_WARN_UNDECLARED_SELECTOR = YES;
				GCC_WARN_UNINITIALIZED_AUTOS = YES_AGGRESSIVE;
				GCC_WARN_UNUSED_FUNCTION = YES;
				GCC_WARN_UNUSED_VARIABLE = YES;
				IPHONEOS_DEPLOYMENT_TARGET = 13.4;
				MTL_ENABLE_DEBUG_INFO = NO;
				MTL_FAST_MATH = YES;
				SDKROOT = iphoneos;
				SWIFT_COMPILATION_MODE = wholemodule;
				SWIFT_OPTIMIZATION_LEVEL = "-O";
				VALIDATE_PRODUCT = YES;
			};
			name = Release;
		};
		09EF1902243C79BD00F1B0F9 /* Debug */ = {
			isa = XCBuildConfiguration;
			baseConfigurationReference = C84C2AF5D4215FB9BA7AB2CE /* Pods-SwiftDemo.debug.xcconfig */;
			buildSettings = {
				ASSETCATALOG_COMPILER_APPICON_NAME = AppIcon;
				CODE_SIGN_STYLE = Automatic;
				DEVELOPMENT_TEAM = W857594999;
				INFOPLIST_FILE = SwiftDemo/Info.plist;
				LD_RUNPATH_SEARCH_PATHS = (
					"$(inherited)",
					"@executable_path/Frameworks",
				);
				PRODUCT_BUNDLE_IDENTIFIER = CEC.SwiftDemo;
				PRODUCT_NAME = "$(TARGET_NAME)";
				SWIFT_VERSION = 5.0;
				TARGETED_DEVICE_FAMILY = "1,2";
			};
			name = Debug;
		};
		09EF1903243C79BD00F1B0F9 /* Release */ = {
			isa = XCBuildConfiguration;
			baseConfigurationReference = B544DC3EE11CE4220736B8E0 /* Pods-SwiftDemo.release.xcconfig */;
			buildSettings = {
				ASSETCATALOG_COMPILER_APPICON_NAME = AppIcon;
				CODE_SIGN_STYLE = Automatic;
				DEVELOPMENT_TEAM = W857594999;
				INFOPLIST_FILE = SwiftDemo/Info.plist;
				LD_RUNPATH_SEARCH_PATHS = (
					"$(inherited)",
					"@executable_path/Frameworks",
				);
				PRODUCT_BUNDLE_IDENTIFIER = CEC.SwiftDemo;
				PRODUCT_NAME = "$(TARGET_NAME)";
				SWIFT_VERSION = 5.0;
				TARGETED_DEVICE_FAMILY = "1,2";
			};
			name = Release;
		};
		09EF1905243C79BD00F1B0F9 /* Debug */ = {
			isa = XCBuildConfiguration;
			buildSettings = {
				ALWAYS_EMBED_SWIFT_STANDARD_LIBRARIES = YES;
				BUNDLE_LOADER = "$(TEST_HOST)";
				CODE_SIGN_STYLE = Automatic;
				DEVELOPMENT_TEAM = W857594999;
				INFOPLIST_FILE = SwiftDemoTests/Info.plist;
				IPHONEOS_DEPLOYMENT_TARGET = 13.4;
				LD_RUNPATH_SEARCH_PATHS = (
					"$(inherited)",
					"@executable_path/Frameworks",
					"@loader_path/Frameworks",
				);
				PRODUCT_BUNDLE_IDENTIFIER = CEC.SwiftDemoTests;
				PRODUCT_NAME = "$(TARGET_NAME)";
				SWIFT_VERSION = 5.0;
				TARGETED_DEVICE_FAMILY = "1,2";
				TEST_HOST = "$(BUILT_PRODUCTS_DIR)/SwiftDemo.app/SwiftDemo";
			};
			name = Debug;
		};
		09EF1906243C79BD00F1B0F9 /* Release */ = {
			isa = XCBuildConfiguration;
			buildSettings = {
				ALWAYS_EMBED_SWIFT_STANDARD_LIBRARIES = YES;
				BUNDLE_LOADER = "$(TEST_HOST)";
				CODE_SIGN_STYLE = Automatic;
				DEVELOPMENT_TEAM = W857594999;
				INFOPLIST_FILE = SwiftDemoTests/Info.plist;
				IPHONEOS_DEPLOYMENT_TARGET = 13.4;
				LD_RUNPATH_SEARCH_PATHS = (
					"$(inherited)",
					"@executable_path/Frameworks",
					"@loader_path/Frameworks",
				);
				PRODUCT_BUNDLE_IDENTIFIER = CEC.SwiftDemoTests;
				PRODUCT_NAME = "$(TARGET_NAME)";
				SWIFT_VERSION = 5.0;
				TARGETED_DEVICE_FAMILY = "1,2";
				TEST_HOST = "$(BUILT_PRODUCTS_DIR)/SwiftDemo.app/SwiftDemo";
			};
			name = Release;
		};
		09EF1908243C79BD00F1B0F9 /* Debug */ = {
			isa = XCBuildConfiguration;
			buildSettings = {
				ALWAYS_EMBED_SWIFT_STANDARD_LIBRARIES = YES;
				CODE_SIGN_STYLE = Automatic;
				DEVELOPMENT_TEAM = W857594999;
				INFOPLIST_FILE = SwiftDemoUITests/Info.plist;
				LD_RUNPATH_SEARCH_PATHS = (
					"$(inherited)",
					"@executable_path/Frameworks",
					"@loader_path/Frameworks",
				);
				PRODUCT_BUNDLE_IDENTIFIER = CEC.SwiftDemoUITests;
				PRODUCT_NAME = "$(TARGET_NAME)";
				SWIFT_VERSION = 5.0;
				TARGETED_DEVICE_FAMILY = "1,2";
				TEST_TARGET_NAME = SwiftDemo;
			};
			name = Debug;
		};
		09EF1909243C79BD00F1B0F9 /* Release */ = {
			isa = XCBuildConfiguration;
			buildSettings = {
				ALWAYS_EMBED_SWIFT_STANDARD_LIBRARIES = YES;
				CODE_SIGN_STYLE = Automatic;
				DEVELOPMENT_TEAM = W857594999;
				INFOPLIST_FILE = SwiftDemoUITests/Info.plist;
				LD_RUNPATH_SEARCH_PATHS = (
					"$(inherited)",
					"@executable_path/Frameworks",
					"@loader_path/Frameworks",
				);
				PRODUCT_BUNDLE_IDENTIFIER = CEC.SwiftDemoUITests;
				PRODUCT_NAME = "$(TARGET_NAME)";
				SWIFT_VERSION = 5.0;
				TARGETED_DEVICE_FAMILY = "1,2";
				TEST_TARGET_NAME = SwiftDemo;
			};
			name = Release;
		};
/* End XCBuildConfiguration section */

/* Begin XCConfigurationList section */
		09EF18D2243C79B400F1B0F9 /* Build configuration list for PBXProject "SwiftDemo" */ = {
			isa = XCConfigurationList;
			buildConfigurations = (
				09EF18FF243C79BD00F1B0F9 /* Debug */,
				09EF1900243C79BD00F1B0F9 /* Release */,
			);
			defaultConfigurationIsVisible = 0;
			defaultConfigurationName = Release;
		};
		09EF1901243C79BD00F1B0F9 /* Build configuration list for PBXNativeTarget "SwiftDemo" */ = {
			isa = XCConfigurationList;
			buildConfigurations = (
				09EF1902243C79BD00F1B0F9 /* Debug */,
				09EF1903243C79BD00F1B0F9 /* Release */,
			);
			defaultConfigurationIsVisible = 0;
			defaultConfigurationName = Release;
		};
		09EF1904243C79BD00F1B0F9 /* Build configuration list for PBXNativeTarget "SwiftDemoTests" */ = {
			isa = XCConfigurationList;
			buildConfigurations = (
				09EF1905243C79BD00F1B0F9 /* Debug */,
				09EF1906243C79BD00F1B0F9 /* Release */,
			);
			defaultConfigurationIsVisible = 0;
			defaultConfigurationName = Release;
		};
		09EF1907243C79BD00F1B0F9 /* Build configuration list for PBXNativeTarget "SwiftDemoUITests" */ = {
			isa = XCConfigurationList;
			buildConfigurations = (
				09EF1908243C79BD00F1B0F9 /* Debug */,
				09EF1909243C79BD00F1B0F9 /* Release */,
			);
			defaultConfigurationIsVisible = 0;
			defaultConfigurationName = Release;
		};
/* End XCConfigurationList section */
	};
	rootObject = 09EF18CF243C79B400F1B0F9 /* Project object */;
}
